
Microsoft Visual Studio Solution File, Format Version 12.00
# Visual Studio Version 17
VisualStudioVersion = 17.4.33122.133
MinimumVisualStudioVersion = 10.0.40219.1
Project("{FAE04EC0-301F-11D3-BF4B-00C04F79EFBC}") = "WebAPI", "WebAPI\WebAPI.csproj", "{F9AB2DC3-4F2B-4EE8-B82E-683D7AFBE434}"
EndProject
Project("{2150E333-8FDC-42A3-9474-1A3956D46DE8}") = "01- Common", "01- Common", "{E0C1BBBC-80A2-4F0B-AB90-2319F65D9362}"
EndProject
Project("{2150E333-8FDC-42A3-9474-1A3956D46DE8}") = "02- Model", "02- Model", "{7643B6C1-4569-4E17-94EA-B8F7A56D4AA5}"
EndProject
Project("{2150E333-8FDC-42A3-9474-1A3956D46DE8}") = "03- Data Access", "03- Data Access", "{A8528798-9BA5-4C0A-A769-6927DE410CDB}"
EndProject
Project("{2150E333-8FDC-42A3-9474-1A3956D46DE8}") = "04- Rest Client", "04- Rest Client", "{335FCC63-E2DC-4B3A-B2DB-0295C9131B66}"
EndProject
Project("{2150E333-8FDC-42A3-9474-1A3956D46DE8}") = "05- Business Logic", "05- Business Logic", "{3B15DF46-10F1-440A-9409-ABF05E8A2D64}"
EndProject
Project("{2150E333-8FDC-42A3-9474-1A3956D46DE8}") = "06- Web API", "06- Web API", "{786672E8-3DCE-4400-82E8-761AB81958A4}"
EndProject
Project("{FAE04EC0-301F-11D3-BF4B-00C04F79EFBC}") = "Common", "Common\Common.csproj", "{3A5385DA-26B8-4D6E-87F6-E038C8334215}"
EndProject
Project("{FAE04EC0-301F-11D3-BF4B-00C04F79EFBC}") = "Model", "Model\Model.csproj", "{1C5F2AFC-8B25-4B02-B09B-19432492F7A6}"
EndProject
Project("{FAE04EC0-301F-11D3-BF4B-00C04F79EFBC}") = "Data", "Data\Data.csproj", "{D4421D42-9FD8-4D22-8576-A40188C8B382}"
EndProject
Project("{FAE04EC0-301F-11D3-BF4B-00C04F79EFBC}") = "Rest", "Rest\Rest.csproj", "{346F8BC0-6526-412A-BBBF-731A82DC09B1}"
EndProject
Project("{FAE04EC0-301F-11D3-BF4B-00C04F79EFBC}") = "Logic", "Logic\Logic.csproj", "{8BBFE4B6-239C-4FB8-8122-0AA0DC67ECC4}"
EndProject
Global
	GlobalSection(SolutionConfigurationPlatforms) = preSolution
		Debug|Any CPU = Debug|Any CPU
		Release|Any CPU = Release|Any CPU
	EndGlobalSection
	GlobalSection(ProjectConfigurationPlatforms) = postSolution
		{F9AB2DC3-4F2B-4EE8-B82E-683D7AFBE434}.Debug|Any CPU.ActiveCfg = Debug|Any CPU
		{F9AB2DC3-4F2B-4EE8-B82E-683D7AFBE434}.Debug|Any CPU.Build.0 = Debug|Any CPU
		{F9AB2DC3-4F2B-4EE8-B82E-683D7AFBE434}.Release|Any CPU.ActiveCfg = Release|Any CPU
		{F9AB2DC3-4F2B-4EE8-B82E-683D7AFBE434}.Release|Any CPU.Build.0 = Release|Any CPU
		{3A5385DA-26B8-4D6E-87F6-E038C8334215}.Debug|Any CPU.ActiveCfg = Debug|Any CPU
		{3A5385DA-26B8-4D6E-87F6-E038C8334215}.Debug|Any CPU.Build.0 = Debug|Any CPU
		{3A5385DA-26B8-4D6E-87F6-E038C8334215}.Release|Any CPU.ActiveCfg = Release|Any CPU
		{3A5385DA-26B8-4D6E-87F6-E038C8334215}.Release|Any CPU.Build.0 = Release|Any CPU
		{1C5F2AFC-8B25-4B02-B09B-19432492F7A6}.Debug|Any CPU.ActiveCfg = Debug|Any CPU
		{1C5F2AFC-8B25-4B02-B09B-19432492F7A6}.Debug|Any CPU.Build.0 = Debug|Any CPU
		{1C5F2AFC-8B25-4B02-B09B-19432492F7A6}.Release|Any CPU.ActiveCfg = Release|Any CPU
		{1C5F2AFC-8B25-4B02-B09B-19432492F7A6}.Release|Any CPU.Build.0 = Release|Any CPU
		{D4421D42-9FD8-4D22-8576-A40188C8B382}.Debug|Any CPU.ActiveCfg = Debug|Any CPU
		{D4421D42-9FD8-4D22-8576-A40188C8B382}.Debug|Any CPU.Build.0 = Debug|Any CPU
		{D4421D42-9FD8-4D22-8576-A40188C8B382}.Release|Any CPU.ActiveCfg = Release|Any CPU
		{D4421D42-9FD8-4D22-8576-A40188C8B382}.Release|Any CPU.Build.0 = Release|Any CPU
		{346F8BC0-6526-412A-BBBF-731A82DC09B1}.Debug|Any CPU.ActiveCfg = Debug|Any CPU
		{346F8BC0-6526-412A-BBBF-731A82DC09B1}.Debug|Any CPU.Build.0 = Debug|Any CPU
		{346F8BC0-6526-412A-BBBF-731A82DC09B1}.Release|Any CPU.ActiveCfg = Release|Any CPU
		{346F8BC0-6526-412A-BBBF-731A82DC09B1}.Release|Any CPU.Build.0 = Release|Any CPU
		{8BBFE4B6-239C-4FB8-8122-0AA0DC67ECC4}.Debug|Any CPU.ActiveCfg = Debug|Any CPU
		{8BBFE4B6-239C-4FB8-8122-0AA0DC67ECC4}.Debug|Any CPU.Build.0 = Debug|Any CPU
		{8BBFE4B6-239C-4FB8-8122-0AA0DC67ECC4}.Release|Any CPU.ActiveCfg = Release|Any CPU
		{8BBFE4B6-239C-4FB8-8122-0AA0DC67ECC4}.Release|Any CPU.Build.0 = Release|Any CPU
	EndGlobalSection
	GlobalSection(SolutionProperties) = preSolution
		HideSolutionNode = FALSE
	EndGlobalSection
	GlobalSection(NestedProjects) = preSolution
		{F9AB2DC3-4F2B-4EE8-B82E-683D7AFBE434} = {786672E8-3DCE-4400-82E8-761AB81958A4}
		{3A5385DA-26B8-4D6E-87F6-E038C8334215} = {E0C1BBBC-80A2-4F0B-AB90-2319F65D9362}
		{1C5F2AFC-8B25-4B02-B09B-19432492F7A6} = {7643B6C1-4569-4E17-94EA-B8F7A56D4AA5}
		{D4421D42-9FD8-4D22-8576-A40188C8B382} = {A8528798-9BA5-4C0A-A769-6927DE410CDB}
		{346F8BC0-6526-412A-BBBF-731A82DC09B1} = {335FCC63-E2DC-4B3A-B2DB-0295C9131B66}
		{8BBFE4B6-239C-4FB8-8122-0AA0DC67ECC4} = {3B15DF46-10F1-440A-9409-ABF05E8A2D64}
	EndGlobalSection
	GlobalSection(ExtensibilityGlobals) = postSolution
		SolutionGuid = {E5FF347F-DB85-4591-A070-089B31B79D90}
	EndGlobalSection
EndGlobal
